
Microsoft Visual Studio Solution File, Format Version 12.00
# Visual Studio Version 16
VisualStudioVersion = 16.0.31005.135
MinimumVisualStudioVersion = 10.0.40219.1
Project("{8BC9CEB8-8B4A-11D0-8D11-00A0C91BC942}") = "330PA1", "330PA1.vcxproj", "{CDA7DAEA-DB00-434E-A082-10B95CBA6F35}"
EndProject
Project("{2150E333-8FDC-42A3-9474-1A3956D46DE8}") = "Solution Items", "Solution Items", "{BE3CA682-FD99-4B58-B19C-1C2468D363D6}"
EndProject
Global
	GlobalSection(SolutionConfigurationPlatforms) = preSolution
		Debug|x64 = Debug|x64
		Debug|x86 = Debug|x86
		Release|x64 = Release|x64
		Release|x86 = Release|x86
	EndGlobalSection
	GlobalSection(ProjectConfigurationPlatforms) = postSolution
		{CDA7DAEA-DB00-434E-A082-10B95CBA6F35}.Debug|x64.ActiveCfg = Debug|x64
		{CDA7DAEA-DB00-434E-A082-10B95CBA6F35}.Debug|x64.Build.0 = Debug|x64
		{CDA7DAEA-DB00-434E-A082-10B95CBA6F35}.Debug|x86.ActiveCfg = Debug|Win32
		{CDA7DAEA-DB00-434E-A082-10B95CBA6F35}.Debug|x86.Build.0 = Debug|Win32
		{CDA7DAEA-DB00-434E-A082-10B95CBA6F35}.Release|x64.ActiveCfg = Release|x64
		{CDA7DAEA-DB00-434E-A082-10B95CBA6F35}.Release|x64.Build.0 = Release|x64
		{CDA7DAEA-DB00-434E-A082-10B95CBA6F35}.Release|x86.ActiveCfg = Release|Win32
		{CDA7DAEA-DB00-434E-A082-10B95CBA6F35}.Release|x86.Build.0 = Release|Win32
	EndGlobalSection
	GlobalSection(SolutionProperties) = preSolution
		HideSolutionNode = FALSE
	EndGlobalSection
	GlobalSection(ExtensibilityGlobals) = postSolution
		SolutionGuid = {C4302E13-CBBF-44C3-A403-5D4CF619936C}
	EndGlobalSection
EndGlobal
